// !$*UTF8*$!
{
	archiveVersion = 1;
	classes = {
	};
	objectVersion = 50;
	objects = {

/* Begin PBXBuildFile section */
		245D2EEF2744538A00B0D871 /* AppDelegate.swift in Sources */ = {isa = PBXBuildFile; fileRef = 245D2EEE2744538A00B0D871 /* AppDelegate.swift */; };
		245D2EF12744538A00B0D871 /* SceneDelegate.swift in Sources */ = {isa = PBXBuildFile; fileRef = 245D2EF02744538A00B0D871 /* SceneDelegate.swift */; };
		245D2EF62744538A00B0D871 /* Main.storyboard in Resources */ = {isa = PBXBuildFile; fileRef = 245D2EF42744538A00B0D871 /* Main.storyboard */; };
		245D2EF82744538C00B0D871 /* Assets.xcassets in Resources */ = {isa = PBXBuildFile; fileRef = 245D2EF72744538C00B0D871 /* Assets.xcassets */; };
		245D2EFB2744538C00B0D871 /* LaunchScreen.storyboard in Resources */ = {isa = PBXBuildFile; fileRef = 245D2EF92744538C00B0D871 /* LaunchScreen.storyboard */; };
		245D2F062744538C00B0D871 /* MapPrototypeTests.swift in Sources */ = {isa = PBXBuildFile; fileRef = 245D2F052744538C00B0D871 /* MapPrototypeTests.swift */; };
		245D2F112744538C00B0D871 /* MapPrototypeUITests.swift in Sources */ = {isa = PBXBuildFile; fileRef = 245D2F102744538C00B0D871 /* MapPrototypeUITests.swift */; };
		56AC7C242763DE590098C3BE /* AppDelegate.swift in Sources */ = {isa = PBXBuildFile; fileRef = 56AC7C192763DE580098C3BE /* AppDelegate.swift */; };
		56AC7C252763DE590098C3BE /* Base.lproj in Resources */ = {isa = PBXBuildFile; fileRef = 56AC7C1A2763DE580098C3BE /* Base.lproj */; };
		56AC7C262763DE590098C3BE /* Assets.xcassets in Resources */ = {isa = PBXBuildFile; fileRef = 56AC7C1B2763DE580098C3BE /* Assets.xcassets */; };
		56AC7C272763DE590098C3BE /* ArtworkListViewController.swift in Sources */ = {isa = PBXBuildFile; fileRef = 56AC7C1C2763DE580098C3BE /* ArtworkListViewController.swift */; };
		56AC7C292763DE590098C3BE /* SceneDelegate.swift in Sources */ = {isa = PBXBuildFile; fileRef = 56AC7C1E2763DE590098C3BE /* SceneDelegate.swift */; };
		56AC7C2A2763DE590098C3BE /* Venue.swift in Sources */ = {isa = PBXBuildFile; fileRef = 56AC7C1F2763DE590098C3BE /* Venue.swift */; };
		56AC7C2B2763DE590098C3BE /* VenueSheetViewController.swift in Sources */ = {isa = PBXBuildFile; fileRef = 56AC7C202763DE590098C3BE /* VenueSheetViewController.swift */; };
		56AC7C2D2763DE590098C3BE /* ArtworkViewController.swift in Sources */ = {isa = PBXBuildFile; fileRef = 56AC7C222763DE590098C3BE /* ArtworkViewController.swift */; };
		56AC7C2E2763DE590098C3BE /* ViewController.swift in Sources */ = {isa = PBXBuildFile; fileRef = 56AC7C232763DE590098C3BE /* ViewController.swift */; };
		56AC7C302763E9890098C3BE /* VenueModel.swift in Sources */ = {isa = PBXBuildFile; fileRef = 56AC7C2F2763E9890098C3BE /* VenueModel.swift */; };
/* End PBXBuildFile section */

/* Begin PBXContainerItemProxy section */
		245D2F022744538C00B0D871 /* PBXContainerItemProxy */ = {
			isa = PBXContainerItemProxy;
			containerPortal = 245D2EE32744538A00B0D871 /* Project object */;
			proxyType = 1;
			remoteGlobalIDString = 245D2EEA2744538A00B0D871;
			remoteInfo = MapPrototype;
		};
		245D2F0D2744538C00B0D871 /* PBXContainerItemProxy */ = {
			isa = PBXContainerItemProxy;
			containerPortal = 245D2EE32744538A00B0D871 /* Project object */;
			proxyType = 1;
			remoteGlobalIDString = 245D2EEA2744538A00B0D871;
			remoteInfo = MapPrototype;
		};
/* End PBXContainerItemProxy section */

/* Begin PBXFileReference section */
		245D2EEB2744538A00B0D871 /* MapPrototype.app */ = {isa = PBXFileReference; explicitFileType = wrapper.application; includeInIndex = 0; path = MapPrototype.app; sourceTree = BUILT_PRODUCTS_DIR; };
		245D2EEE2744538A00B0D871 /* AppDelegate.swift */ = {isa = PBXFileReference; lastKnownFileType = sourcecode.swift; path = AppDelegate.swift; sourceTree = "<group>"; };
		245D2EF02744538A00B0D871 /* SceneDelegate.swift */ = {isa = PBXFileReference; lastKnownFileType = sourcecode.swift; path = SceneDelegate.swift; sourceTree = "<group>"; };
		245D2EF52744538A00B0D871 /* Base */ = {isa = PBXFileReference; lastKnownFileType = file.storyboard; name = Base; path = Base.lproj/Main.storyboard; sourceTree = "<group>"; };
		245D2EF72744538C00B0D871 /* Assets.xcassets */ = {isa = PBXFileReference; lastKnownFileType = folder.assetcatalog; path = Assets.xcassets; sourceTree = "<group>"; };
		245D2EFA2744538C00B0D871 /* Base */ = {isa = PBXFileReference; lastKnownFileType = file.storyboard; name = Base; path = Base.lproj/LaunchScreen.storyboard; sourceTree = "<group>"; };
		245D2EFC2744538C00B0D871 /* Info.plist */ = {isa = PBXFileReference; lastKnownFileType = text.plist.xml; path = Info.plist; sourceTree = "<group>"; };
		245D2F012744538C00B0D871 /* MapPrototypeTests.xctest */ = {isa = PBXFileReference; explicitFileType = wrapper.cfbundle; includeInIndex = 0; path = MapPrototypeTests.xctest; sourceTree = BUILT_PRODUCTS_DIR; };
		245D2F052744538C00B0D871 /* MapPrototypeTests.swift */ = {isa = PBXFileReference; lastKnownFileType = sourcecode.swift; path = MapPrototypeTests.swift; sourceTree = "<group>"; };
		245D2F072744538C00B0D871 /* Info.plist */ = {isa = PBXFileReference; lastKnownFileType = text.plist.xml; path = Info.plist; sourceTree = "<group>"; };
		245D2F0C2744538C00B0D871 /* MapPrototypeUITests.xctest */ = {isa = PBXFileReference; explicitFileType = wrapper.cfbundle; includeInIndex = 0; path = MapPrototypeUITests.xctest; sourceTree = BUILT_PRODUCTS_DIR; };
		245D2F102744538C00B0D871 /* MapPrototypeUITests.swift */ = {isa = PBXFileReference; lastKnownFileType = sourcecode.swift; path = MapPrototypeUITests.swift; sourceTree = "<group>"; };
		245D2F122744538C00B0D871 /* Info.plist */ = {isa = PBXFileReference; lastKnownFileType = text.plist.xml; path = Info.plist; sourceTree = "<group>"; };
		56AC7C192763DE580098C3BE /* AppDelegate.swift */ = {isa = PBXFileReference; fileEncoding = 4; lastKnownFileType = sourcecode.swift; path = AppDelegate.swift; sourceTree = "<group>"; };
		56AC7C1A2763DE580098C3BE /* Base.lproj */ = {isa = PBXFileReference; lastKnownFileType = folder; path = Base.lproj; sourceTree = "<group>"; };
		56AC7C1B2763DE580098C3BE /* Assets.xcassets */ = {isa = PBXFileReference; lastKnownFileType = folder.assetcatalog; path = Assets.xcassets; sourceTree = "<group>"; };
		56AC7C1C2763DE580098C3BE /* ArtworkListViewController.swift */ = {isa = PBXFileReference; fileEncoding = 4; lastKnownFileType = sourcecode.swift; path = ArtworkListViewController.swift; sourceTree = "<group>"; };
		56AC7C1E2763DE590098C3BE /* SceneDelegate.swift */ = {isa = PBXFileReference; fileEncoding = 4; lastKnownFileType = sourcecode.swift; path = SceneDelegate.swift; sourceTree = "<group>"; };
		56AC7C1F2763DE590098C3BE /* Venue.swift */ = {isa = PBXFileReference; fileEncoding = 4; lastKnownFileType = sourcecode.swift; path = Venue.swift; sourceTree = "<group>"; };
		56AC7C202763DE590098C3BE /* VenueSheetViewController.swift */ = {isa = PBXFileReference; fileEncoding = 4; lastKnownFileType = sourcecode.swift; path = VenueSheetViewController.swift; sourceTree = "<group>"; };
		56AC7C222763DE590098C3BE /* ArtworkViewController.swift */ = {isa = PBXFileReference; fileEncoding = 4; lastKnownFileType = sourcecode.swift; path = ArtworkViewController.swift; sourceTree = "<group>"; };
		56AC7C232763DE590098C3BE /* ViewController.swift */ = {isa = PBXFileReference; fileEncoding = 4; lastKnownFileType = sourcecode.swift; path = ViewController.swift; sourceTree = "<group>"; };
		56AC7C2F2763E9890098C3BE /* VenueModel.swift */ = {isa = PBXFileReference; fileEncoding = 4; lastKnownFileType = sourcecode.swift; path = VenueModel.swift; sourceTree = "<group>"; };
/* End PBXFileReference section */

/* Begin PBXFrameworksBuildPhase section */
		245D2EE82744538A00B0D871 /* Frameworks */ = {
			isa = PBXFrameworksBuildPhase;
			buildActionMask = 2147483647;
			files = (
			);
			runOnlyForDeploymentPostprocessing = 0;
		};
		245D2EFE2744538C00B0D871 /* Frameworks */ = {
			isa = PBXFrameworksBuildPhase;
			buildActionMask = 2147483647;
			files = (
			);
			runOnlyForDeploymentPostprocessing = 0;
		};
		245D2F092744538C00B0D871 /* Frameworks */ = {
			isa = PBXFrameworksBuildPhase;
			buildActionMask = 2147483647;
			files = (
			);
			runOnlyForDeploymentPostprocessing = 0;
		};
/* End PBXFrameworksBuildPhase section */

/* Begin PBXGroup section */
		245D2EE22744538A00B0D871 = {
			isa = PBXGroup;
			children = (
				245D2EED2744538A00B0D871 /* MapPrototype */,
				245D2F042744538C00B0D871 /* MapPrototypeTests */,
				245D2F0F2744538C00B0D871 /* MapPrototypeUITests */,
				245D2EEC2744538A00B0D871 /* Products */,
			);
			sourceTree = "<group>";
		};
		245D2EEC2744538A00B0D871 /* Products */ = {
			isa = PBXGroup;
			children = (
				245D2EEB2744538A00B0D871 /* MapPrototype.app */,
				245D2F012744538C00B0D871 /* MapPrototypeTests.xctest */,
				245D2F0C2744538C00B0D871 /* MapPrototypeUITests.xctest */,
			);
			name = Products;
			sourceTree = "<group>";
		};
		245D2EED2744538A00B0D871 /* MapPrototype */ = {
			isa = PBXGroup;
			children = (
				56AC7C2F2763E9890098C3BE /* VenueModel.swift */,
				245D2EEE2744538A00B0D871 /* AppDelegate.swift */,
				245D2EF02744538A00B0D871 /* SceneDelegate.swift */,
				56AC7C192763DE580098C3BE /* AppDelegate.swift */,
				56AC7C1C2763DE580098C3BE /* ArtworkListViewController.swift */,
				56AC7C222763DE590098C3BE /* ArtworkViewController.swift */,
				56AC7C1B2763DE580098C3BE /* Assets.xcassets */,
				56AC7C1A2763DE580098C3BE /* Base.lproj */,
				56AC7C1E2763DE590098C3BE /* SceneDelegate.swift */,
				56AC7C1F2763DE590098C3BE /* Venue.swift */,
				56AC7C202763DE590098C3BE /* VenueSheetViewController.swift */,
				56AC7C232763DE590098C3BE /* ViewController.swift */,
				245D2EF42744538A00B0D871 /* Main.storyboard */,
				245D2EF72744538C00B0D871 /* Assets.xcassets */,
				245D2EF92744538C00B0D871 /* LaunchScreen.storyboard */,
				245D2EFC2744538C00B0D871 /* Info.plist */,
			);
			path = MapPrototype;
			sourceTree = "<group>";
		};
		245D2F042744538C00B0D871 /* MapPrototypeTests */ = {
			isa = PBXGroup;
			children = (
				245D2F052744538C00B0D871 /* MapPrototypeTests.swift */,
				245D2F072744538C00B0D871 /* Info.plist */,
			);
			path = MapPrototypeTests;
			sourceTree = "<group>";
		};
		245D2F0F2744538C00B0D871 /* MapPrototypeUITests */ = {
			isa = PBXGroup;
			children = (
				245D2F102744538C00B0D871 /* MapPrototypeUITests.swift */,
				245D2F122744538C00B0D871 /* Info.plist */,
			);
			path = MapPrototypeUITests;
			sourceTree = "<group>";
		};
/* End PBXGroup section */

/* Begin PBXNativeTarget section */
		245D2EEA2744538A00B0D871 /* MapPrototype */ = {
			isa = PBXNativeTarget;
			buildConfigurationList = 245D2F152744538C00B0D871 /* Build configuration list for PBXNativeTarget "MapPrototype" */;
			buildPhases = (
				245D2EE72744538A00B0D871 /* Sources */,
				245D2EE82744538A00B0D871 /* Frameworks */,
				245D2EE92744538A00B0D871 /* Resources */,
			);
			buildRules = (
			);
			dependencies = (
			);
			name = MapPrototype;
			productName = MapPrototype;
			productReference = 245D2EEB2744538A00B0D871 /* MapPrototype.app */;
			productType = "com.apple.product-type.application";
		};
		245D2F002744538C00B0D871 /* MapPrototypeTests */ = {
			isa = PBXNativeTarget;
			buildConfigurationList = 245D2F182744538C00B0D871 /* Build configuration list for PBXNativeTarget "MapPrototypeTests" */;
			buildPhases = (
				245D2EFD2744538C00B0D871 /* Sources */,
				245D2EFE2744538C00B0D871 /* Frameworks */,
				245D2EFF2744538C00B0D871 /* Resources */,
			);
			buildRules = (
			);
			dependencies = (
				245D2F032744538C00B0D871 /* PBXTargetDependency */,
			);
			name = MapPrototypeTests;
			productName = MapPrototypeTests;
			productReference = 245D2F012744538C00B0D871 /* MapPrototypeTests.xctest */;
			productType = "com.apple.product-type.bundle.unit-test";
		};
		245D2F0B2744538C00B0D871 /* MapPrototypeUITests */ = {
			isa = PBXNativeTarget;
			buildConfigurationList = 245D2F1B2744538C00B0D871 /* Build configuration list for PBXNativeTarget "MapPrototypeUITests" */;
			buildPhases = (
				245D2F082744538C00B0D871 /* Sources */,
				245D2F092744538C00B0D871 /* Frameworks */,
				245D2F0A2744538C00B0D871 /* Resources */,
			);
			buildRules = (
			);
			dependencies = (
				245D2F0E2744538C00B0D871 /* PBXTargetDependency */,
			);
			name = MapPrototypeUITests;
			productName = MapPrototypeUITests;
			productReference = 245D2F0C2744538C00B0D871 /* MapPrototypeUITests.xctest */;
			productType = "com.apple.product-type.bundle.ui-testing";
		};
/* End PBXNativeTarget section */

/* Begin PBXProject section */
		245D2EE32744538A00B0D871 /* Project object */ = {
			isa = PBXProject;
			attributes = {
				LastSwiftUpdateCheck = 1250;
				LastUpgradeCheck = 1250;
				TargetAttributes = {
					245D2EEA2744538A00B0D871 = {
						CreatedOnToolsVersion = 12.5.1;
					};
					245D2F002744538C00B0D871 = {
						CreatedOnToolsVersion = 12.5.1;
						TestTargetID = 245D2EEA2744538A00B0D871;
					};
					245D2F0B2744538C00B0D871 = {
						CreatedOnToolsVersion = 12.5.1;
						TestTargetID = 245D2EEA2744538A00B0D871;
					};
				};
			};
			buildConfigurationList = 245D2EE62744538A00B0D871 /* Build configuration list for PBXProject "MapPrototype" */;
			compatibilityVersion = "Xcode 9.3";
			developmentRegion = en;
			hasScannedForEncodings = 0;
			knownRegions = (
				en,
				Base,
			);
			mainGroup = 245D2EE22744538A00B0D871;
			productRefGroup = 245D2EEC2744538A00B0D871 /* Products */;
			projectDirPath = "";
			projectRoot = "";
			targets = (
				245D2EEA2744538A00B0D871 /* MapPrototype */,
				245D2F002744538C00B0D871 /* MapPrototypeTests */,
				245D2F0B2744538C00B0D871 /* MapPrototypeUITests */,
			);
		};
/* End PBXProject section */

/* Begin PBXResourcesBuildPhase section */
		245D2EE92744538A00B0D871 /* Resources */ = {
			isa = PBXResourcesBuildPhase;
			buildActionMask = 2147483647;
			files = (
				245D2EFB2744538C00B0D871 /* LaunchScreen.storyboard in Resources */,
				245D2EF82744538C00B0D871 /* Assets.xcassets in Resources */,
				56AC7C252763DE590098C3BE /* Base.lproj in Resources */,
				245D2EF62744538A00B0D871 /* Main.storyboard in Resources */,
				56AC7C262763DE590098C3BE /* Assets.xcassets in Resources */,
			);
			runOnlyForDeploymentPostprocessing = 0;
		};
		245D2EFF2744538C00B0D871 /* Resources */ = {
			isa = PBXResourcesBuildPhase;
			buildActionMask = 2147483647;
			files = (
			);
			runOnlyForDeploymentPostprocessing = 0;
		};
		245D2F0A2744538C00B0D871 /* Resources */ = {
			isa = PBXResourcesBuildPhase;
			buildActionMask = 2147483647;
			files = (
			);
			runOnlyForDeploymentPostprocessing = 0;
		};
/* End PBXResourcesBuildPhase section */

/* Begin PBXSourcesBuildPhase section */
		245D2EE72744538A00B0D871 /* Sources */ = {
			isa = PBXSourcesBuildPhase;
			buildActionMask = 2147483647;
			files = (
				56AC7C2A2763DE590098C3BE /* Venue.swift in Sources */,
				56AC7C292763DE590098C3BE /* SceneDelegate.swift in Sources */,
				245D2EEF2744538A00B0D871 /* AppDelegate.swift in Sources */,
				245D2EF12744538A00B0D871 /* SceneDelegate.swift in Sources */,
				56AC7C242763DE590098C3BE /* AppDelegate.swift in Sources */,
				56AC7C2E2763DE590098C3BE /* ViewController.swift in Sources */,
				56AC7C272763DE590098C3BE /* ArtworkListViewController.swift in Sources */,
				56AC7C302763E9890098C3BE /* VenueModel.swift in Sources */,
				56AC7C2B2763DE590098C3BE /* VenueSheetViewController.swift in Sources */,
				56AC7C2D2763DE590098C3BE /* ArtworkViewController.swift in Sources */,
			);
			runOnlyForDeploymentPostprocessing = 0;
		};
		245D2EFD2744538C00B0D871 /* Sources */ = {
			isa = PBXSourcesBuildPhase;
			buildActionMask = 2147483647;
			files = (
				245D2F062744538C00B0D871 /* MapPrototypeTests.swift in Sources */,
			);
			runOnlyForDeploymentPostprocessing = 0;
		};
		245D2F082744538C00B0D871 /* Sources */ = {
			isa = PBXSourcesBuildPhase;
			buildActionMask = 2147483647;
			files = (
				245D2F112744538C00B0D871 /* MapPrototypeUITests.swift in Sources */,
			);
			runOnlyForDeploymentPostprocessing = 0;
		};
/* End PBXSourcesBuildPhase section */

/* Begin PBXTargetDependency section */
		245D2F032744538C00B0D871 /* PBXTargetDependency */ = {
			isa = PBXTargetDependency;
			target = 245D2EEA2744538A00B0D871 /* MapPrototype */;
			targetProxy = 245D2F022744538C00B0D871 /* PBXContainerItemProxy */;
		};
		245D2F0E2744538C00B0D871 /* PBXTargetDependency */ = {
			isa = PBXTargetDependency;
			target = 245D2EEA2744538A00B0D871 /* MapPrototype */;
			targetProxy = 245D2F0D2744538C00B0D871 /* PBXContainerItemProxy */;
		};
/* End PBXTargetDependency section */

/* Begin PBXVariantGroup section */
		245D2EF42744538A00B0D871 /* Main.storyboard */ = {
			isa = PBXVariantGroup;
			children = (
				245D2EF52744538A00B0D871 /* Base */,
			);
			name = Main.storyboard;
			sourceTree = "<group>";
		};
		245D2EF92744538C00B0D871 /* LaunchScreen.storyboard */ = {
			isa = PBXVariantGroup;
			children = (
				245D2EFA2744538C00B0D871 /* Base */,
			);
			name = LaunchScreen.storyboard;
			sourceTree = "<group>";
		};
/* End PBXVariantGroup section */

/* Begin XCBuildConfiguration section */
		245D2F132744538C00B0D871 /* Debug */ = {
			isa = XCBuildConfiguration;
			buildSettings = {
				ALWAYS_SEARCH_USER_PATHS = NO;
				CLANG_ANALYZER_NONNULL = YES;
				CLANG_ANALYZER_NUMBER_OBJECT_CONVERSION = YES_AGGRESSIVE;
				CLANG_CXX_LANGUAGE_STANDARD = "gnu++14";
				CLANG_CXX_LIBRARY = "libc++";
				CLANG_ENABLE_MODULES = YES;
				CLANG_ENABLE_OBJC_ARC = YES;
				CLANG_ENABLE_OBJC_WEAK = YES;
				CLANG_WARN_BLOCK_CAPTURE_AUTORELEASING = YES;
				CLANG_WARN_BOOL_CONVERSION = YES;
				CLANG_WARN_COMMA = YES;
				CLANG_WARN_CONSTANT_CONVERSION = YES;
				CLANG_WARN_DEPRECATED_OBJC_IMPLEMENTATIONS = YES;
				CLANG_WARN_DIRECT_OBJC_ISA_USAGE = YES_ERROR;
				CLANG_WARN_DOCUMENTATION_COMMENTS = YES;
				CLANG_WARN_EMPTY_BODY = YES;
				CLANG_WARN_ENUM_CONVERSION = YES;
				CLANG_WARN_INFINITE_RECURSION = YES;
				CLANG_WARN_INT_CONVERSION = YES;
				CLANG_WARN_NON_LITERAL_NULL_CONVERSION = YES;
				CLANG_WARN_OBJC_IMPLICIT_RETAIN_SELF = YES;
				CLANG_WARN_OBJC_LITERAL_CONVERSION = YES;
				CLANG_WARN_OBJC_ROOT_CLASS = YES_ERROR;
				CLANG_WARN_QUOTED_INCLUDE_IN_FRAMEWORK_HEADER = YES;
				CLANG_WARN_RANGE_LOOP_ANALYSIS = YES;
				CLANG_WARN_STRICT_PROTOTYPES = YES;
				CLANG_WARN_SUSPICIOUS_MOVE = YES;
				CLANG_WARN_UNGUARDED_AVAILABILITY = YES_AGGRESSIVE;
				CLANG_WARN_UNREACHABLE_CODE = YES;
				CLANG_WARN__DUPLICATE_METHOD_MATCH = YES;
				COPY_PHASE_STRIP = NO;
				DEBUG_INFORMATION_FORMAT = dwarf;
				ENABLE_STRICT_OBJC_MSGSEND = YES;
				ENABLE_TESTABILITY = YES;
				GCC_C_LANGUAGE_STANDARD = gnu11;
				GCC_DYNAMIC_NO_PIC = NO;
				GCC_NO_COMMON_BLOCKS = YES;
				GCC_OPTIMIZATION_LEVEL = 0;
				GCC_PREPROCESSOR_DEFINITIONS = (
					"DEBUG=1",
					"$(inherited)",
				);
				GCC_WARN_64_TO_32_BIT_CONVERSION = YES;
				GCC_WARN_ABOUT_RETURN_TYPE = YES_ERROR;
				GCC_WARN_UNDECLARED_SELECTOR = YES;
				GCC_WARN_UNINITIALIZED_AUTOS = YES_AGGRESSIVE;
				GCC_WARN_UNUSED_FUNCTION = YES;
				GCC_WARN_UNUSED_VARIABLE = YES;
				IPHONEOS_DEPLOYMENT_TARGET = 14.5;
				MTL_ENABLE_DEBUG_INFO = INCLUDE_SOURCE;
				MTL_FAST_MATH = YES;
				ONLY_ACTIVE_ARCH = YES;
				SDKROOT = iphoneos;
				SWIFT_ACTIVE_COMPILATION_CONDITIONS = DEBUG;
				SWIFT_OPTIMIZATION_LEVEL = "-Onone";
			};
			name = Debug;
		};
		245D2F142744538C00B0D871 /* Release */ = {
			isa = XCBuildConfiguration;
			buildSettings = {
				ALWAYS_SEARCH_USER_PATHS = NO;
				CLANG_ANALYZER_NONNULL = YES;
				CLANG_ANALYZER_NUMBER_OBJECT_CONVERSION = YES_AGGRESSIVE;
				CLANG_CXX_LANGUAGE_STANDARD = "gnu++14";
				CLANG_CXX_LIBRARY = "libc++";
				CLANG_ENABLE_MODULES = YES;
				CLANG_ENABLE_OBJC_ARC = YES;
				CLANG_ENABLE_OBJC_WEAK = YES;
				CLANG_WARN_BLOCK_CAPTURE_AUTORELEASING = YES;
				CLANG_WARN_BOOL_CONVERSION = YES;
				CLANG_WARN_COMMA = YES;
				CLANG_WARN_CONSTANT_CONVERSION = YES;
				CLANG_WARN_DEPRECATED_OBJC_IMPLEMENTATIONS = YES;
				CLANG_WARN_DIRECT_OBJC_ISA_USAGE = YES_ERROR;
				CLANG_WARN_DOCUMENTATION_COMMENTS = YES;
				CLANG_WARN_EMPTY_BODY = YES;
				CLANG_WARN_ENUM_CONVERSION = YES;
				CLANG_WARN_INFINITE_RECURSION = YES;
				CLANG_WARN_INT_CONVERSION = YES;
				CLANG_WARN_NON_LITERAL_NULL_CONVERSION = YES;
				CLANG_WARN_OBJC_IMPLICIT_RETAIN_SELF = YES;
				CLANG_WARN_OBJC_LITERAL_CONVERSION = YES;
				CLANG_WARN_OBJC_ROOT_CLASS = YES_ERROR;
				CLANG_WARN_QUOTED_INCLUDE_IN_FRAMEWORK_HEADER = YES;
				CLANG_WARN_RANGE_LOOP_ANALYSIS = YES;
				CLANG_WARN_STRICT_PROTOTYPES = YES;
				CLANG_WARN_SUSPICIOUS_MOVE = YES;
				CLANG_WARN_UNGUARDED_AVAILABILITY = YES_AGGRESSIVE;
				CLANG_WARN_UNREACHABLE_CODE = YES;
				CLANG_WARN__DUPLICATE_METHOD_MATCH = YES;
				COPY_PHASE_STRIP = NO;
				DEBUG_INFORMATION_FORMAT = "dwarf-with-dsym";
				ENABLE_NS_ASSERTIONS = NO;
				ENABLE_STRICT_OBJC_MSGSEND = YES;
				GCC_C_LANGUAGE_STANDARD = gnu11;
				GCC_NO_COMMON_BLOCKS = YES;
				GCC_WARN_64_TO_32_BIT_CONVERSION = YES;
				GCC_WARN_ABOUT_RETURN_TYPE = YES_ERROR;
				GCC_WARN_UNDECLARED_SELECTOR = YES;
				GCC_WARN_UNINITIALIZED_AUTOS = YES_AGGRESSIVE;
				GCC_WARN_UNUSED_FUNCTION = YES;
				GCC_WARN_UNUSED_VARIABLE = YES;
				IPHONEOS_DEPLOYMENT_TARGET = 14.5;
				MTL_ENABLE_DEBUG_INFO = NO;
				MTL_FAST_MATH = YES;
				SDKROOT = iphoneos;
				SWIFT_COMPILATION_MODE = wholemodule;
				SWIFT_OPTIMIZATION_LEVEL = "-O";
				VALIDATE_PRODUCT = YES;
			};
			name = Release;
		};
		245D2F162744538C00B0D871 /* Debug */ = {
			isa = XCBuildConfiguration;
			buildSettings = {
				ASSETCATALOG_COMPILER_APPICON_NAME = AppIcon;
				ASSETCATALOG_COMPILER_GLOBAL_ACCENT_COLOR_NAME = AccentColor;
				CODE_SIGN_STYLE = Automatic;
				DEVELOPMENT_TEAM = S6VDK579W8;
				INFOPLIST_FILE = MapPrototype/Info.plist;
				IPHONEOS_DEPLOYMENT_TARGET = 14.4;
				LD_RUNPATH_SEARCH_PATHS = (
					"$(inherited)",
					"@executable_path/Frameworks",
				);
				PRODUCT_BUNDLE_IDENTIFIER = com.MapPrototype;
				PRODUCT_NAME = "$(TARGET_NAME)";
				SWIFT_VERSION = 5.0;
				TARGETED_DEVICE_FAMILY = "1,2";
			};
			name = Debug;
		};
		245D2F172744538C00B0D871 /* Release */ = {
			isa = XCBuildConfiguration;
			buildSettings = {
				ASSETCATALOG_COMPILER_APPICON_NAME = AppIcon;
				ASSETCATALOG_COMPILER_GLOBAL_ACCENT_COLOR_NAME = AccentColor;
				CODE_SIGN_STYLE = Automatic;
				DEVELOPMENT_TEAM = S6VDK579W8;
				INFOPLIST_FILE = MapPrototype/Info.plist;
				IPHONEOS_DEPLOYMENT_TARGET = 14.4;
				LD_RUNPATH_SEARCH_PATHS = (
					"$(inherited)",
					"@executable_path/Frameworks",
				);
				PRODUCT_BUNDLE_IDENTIFIER = com.MapPrototype;
				PRODUCT_NAME = "$(TARGET_NAME)";
				SWIFT_VERSION = 5.0;
				TARGETED_DEVICE_FAMILY = "1,2";
			};
			name = Release;
		};
		245D2F192744538C00B0D871 /* Debug */ = {
			isa = XCBuildConfiguration;
			buildSettings = {
				ALWAYS_EMBED_SWIFT_STANDARD_LIBRARIES = YES;
				BUNDLE_LOADER = "$(TEST_HOST)";
				CODE_SIGN_STYLE = Automatic;
				DEVELOPMENT_TEAM = N69HQYZRV4;
				INFOPLIST_FILE = MapPrototypeTests/Info.plist;
				IPHONEOS_DEPLOYMENT_TARGET = 14.5;
				LD_RUNPATH_SEARCH_PATHS = (
					"$(inherited)",
					"@executable_path/Frameworks",
					"@loader_path/Frameworks",
				);
				PRODUCT_BUNDLE_IDENTIFIER = com.MapPrototypeTests;
				PRODUCT_NAME = "$(TARGET_NAME)";
				SWIFT_VERSION = 5.0;
				TARGETED_DEVICE_FAMILY = "1,2";
				TEST_HOST = "$(BUILT_PRODUCTS_DIR)/MapPrototype.app/MapPrototype";
			};
			name = Debug;
		};
		245D2F1A2744538C00B0D871 /* Release */ = {
			isa = XCBuildConfiguration;
			buildSettings = {
				ALWAYS_EMBED_SWIFT_STANDARD_LIBRARIES = YES;
				BUNDLE_LOADER = "$(TEST_HOST)";
				CODE_SIGN_STYLE = Automatic;
				DEVELOPMENT_TEAM = N69HQYZRV4;
				INFOPLIST_FILE = MapPrototypeTests/Info.plist;
				IPHONEOS_DEPLOYMENT_TARGET = 14.5;
				LD_RUNPATH_SEARCH_PATHS = (
					"$(inherited)",
					"@executable_path/Frameworks",
					"@loader_path/Frameworks",
				);
				PRODUCT_BUNDLE_IDENTIFIER = com.MapPrototypeTests;
				PRODUCT_NAME = "$(TARGET_NAME)";
				SWIFT_VERSION = 5.0;
				TARGETED_DEVICE_FAMILY = "1,2";
				TEST_HOST = "$(BUILT_PRODUCTS_DIR)/MapPrototype.app/MapPrototype";
			};
			name = Release;
		};
		245D2F1C2744538C00B0D871 /* Debug */ = {
			isa = XCBuildConfiguration;
			buildSettings = {
				ALWAYS_EMBED_SWIFT_STANDARD_LIBRARIES = YES;
				CODE_SIGN_STYLE = Automatic;
				DEVELOPMENT_TEAM = N69HQYZRV4;
				INFOPLIST_FILE = MapPrototypeUITests/Info.plist;
				LD_RUNPATH_SEARCH_PATHS = (
					"$(inherited)",
					"@executable_path/Frameworks",
					"@loader_path/Frameworks",
				);
				PRODUCT_BUNDLE_IDENTIFIER = com.MapPrototypeUITests;
				PRODUCT_NAME = "$(TARGET_NAME)";
				SWIFT_VERSION = 5.0;
				TARGETED_DEVICE_FAMILY = "1,2";
				TEST_TARGET_NAME = MapPrototype;
			};
			name = Debug;
		};
		245D2F1D2744538C00B0D871 /* Release */ = {
			isa = XCBuildConfiguration;
			buildSettings = {
				ALWAYS_EMBED_SWIFT_STANDARD_LIBRARIES = YES;
				CODE_SIGN_STYLE = Automatic;
				DEVELOPMENT_TEAM = N69HQYZRV4;
				INFOPLIST_FILE = MapPrototypeUITests/Info.plist;
				LD_RUNPATH_SEARCH_PATHS = (
					"$(inherited)",
					"@executable_path/Frameworks",
					"@loader_path/Frameworks",
				);
				PRODUCT_BUNDLE_IDENTIFIER = com.MapPrototypeUITests;
				PRODUCT_NAME = "$(TARGET_NAME)";
				SWIFT_VERSION = 5.0;
				TARGETED_DEVICE_FAMILY = "1,2";
				TEST_TARGET_NAME = MapPrototype;
			};
			name = Release;
		};
/* End XCBuildConfiguration section */

/* Begin XCConfigurationList section */
		245D2EE62744538A00B0D871 /* Build configuration list for PBXProject "MapPrototype" */ = {
			isa = XCConfigurationList;
			buildConfigurations = (
				245D2F132744538C00B0D871 /* Debug */,
				245D2F142744538C00B0D871 /* Release */,
			);
			defaultConfigurationIsVisible = 0;
			defaultConfigurationName = Release;
		};
		245D2F152744538C00B0D871 /* Build configuration list for PBXNativeTarget "MapPrototype" */ = {
			isa = XCConfigurationList;
			buildConfigurations = (
				245D2F162744538C00B0D871 /* Debug */,
				245D2F172744538C00B0D871 /* Release */,
			);
			defaultConfigurationIsVisible = 0;
			defaultConfigurationName = Release;
		};
		245D2F182744538C00B0D871 /* Build configuration list for PBXNativeTarget "MapPrototypeTests" */ = {
			isa = XCConfigurationList;
			buildConfigurations = (
				245D2F192744538C00B0D871 /* Debug */,
				245D2F1A2744538C00B0D871 /* Release */,
			);
			defaultConfigurationIsVisible = 0;
			defaultConfigurationName = Release;
		};
		245D2F1B2744538C00B0D871 /* Build configuration list for PBXNativeTarget "MapPrototypeUITests" */ = {
			isa = XCConfigurationList;
			buildConfigurations = (
				245D2F1C2744538C00B0D871 /* Debug */,
				245D2F1D2744538C00B0D871 /* Release */,
			);
			defaultConfigurationIsVisible = 0;
			defaultConfigurationName = Release;
		};
/* End XCConfigurationList section */
	};
	rootObject = 245D2EE32744538A00B0D871 /* Project object */;
}
